// !$*UTF8*$!
{
	archiveVersion = 1;
	classes = {
	};
	objectVersion = 56;
	objects = {

/* Begin PBXBuildFile section */
		19EBE8372AB8C2DE00CAC7CF /* AppDelegate.swift in Sources */ = {isa = PBXBuildFile; fileRef = 19EBE8362AB8C2DE00CAC7CF /* AppDelegate.swift */; };
		19EBE8392AB8C2DE00CAC7CF /* SceneDelegate.swift in Sources */ = {isa = PBXBuildFile; fileRef = 19EBE8382AB8C2DE00CAC7CF /* SceneDelegate.swift */; };
		19EBE83B2AB8C2DE00CAC7CF /* ViewController.swift in Sources */ = {isa = PBXBuildFile; fileRef = 19EBE83A2AB8C2DE00CAC7CF /* ViewController.swift */; };
		19EBE83E2AB8C2DE00CAC7CF /* Main.storyboard in Resources */ = {isa = PBXBuildFile; fileRef = 19EBE83C2AB8C2DE00CAC7CF /* Main.storyboard */; };
		19EBE8402AB8C2E000CAC7CF /* Assets.xcassets in Resources */ = {isa = PBXBuildFile; fileRef = 19EBE83F2AB8C2E000CAC7CF /* Assets.xcassets */; };
		19EBE8432AB8C2E000CAC7CF /* LaunchScreen.storyboard in Resources */ = {isa = PBXBuildFile; fileRef = 19EBE8412AB8C2E000CAC7CF /* LaunchScreen.storyboard */; };
		19EBE84E2AB8C2E000CAC7CF /* ampetrova_7_1DZTests.swift in Sources */ = {isa = PBXBuildFile; fileRef = 19EBE84D2AB8C2E000CAC7CF /* ampetrova_7_1DZTests.swift */; };
		19EBE8582AB8C2E000CAC7CF /* ampetrova_7_1DZUITests.swift in Sources */ = {isa = PBXBuildFile; fileRef = 19EBE8572AB8C2E000CAC7CF /* ampetrova_7_1DZUITests.swift */; };
		19EBE85A2AB8C2E000CAC7CF /* ampetrova_7_1DZUITestsLaunchTests.swift in Sources */ = {isa = PBXBuildFile; fileRef = 19EBE8592AB8C2E000CAC7CF /* ampetrova_7_1DZUITestsLaunchTests.swift */; };
/* End PBXBuildFile section */

/* Begin PBXContainerItemProxy section */
		19EBE84A2AB8C2E000CAC7CF /* PBXContainerItemProxy */ = {
			isa = PBXContainerItemProxy;
			containerPortal = 19EBE82B2AB8C2DE00CAC7CF /* Project object */;
			proxyType = 1;
			remoteGlobalIDString = 19EBE8322AB8C2DE00CAC7CF;
			remoteInfo = ampetrova_7_1DZ;
		};
		19EBE8542AB8C2E000CAC7CF /* PBXContainerItemProxy */ = {
			isa = PBXContainerItemProxy;
			containerPortal = 19EBE82B2AB8C2DE00CAC7CF /* Project object */;
			proxyType = 1;
			remoteGlobalIDString = 19EBE8322AB8C2DE00CAC7CF;
			remoteInfo = ampetrova_7_1DZ;
		};
/* End PBXContainerItemProxy section */

/* Begin PBXFileReference section */
		19EBE8332AB8C2DE00CAC7CF /* ampetrova_7_1DZ.app */ = {isa = PBXFileReference; explicitFileType = wrapper.application; includeInIndex = 0; path = ampetrova_7_1DZ.app; sourceTree = BUILT_PRODUCTS_DIR; };
		19EBE8362AB8C2DE00CAC7CF /* AppDelegate.swift */ = {isa = PBXFileReference; lastKnownFileType = sourcecode.swift; path = AppDelegate.swift; sourceTree = "<group>"; };
		19EBE8382AB8C2DE00CAC7CF /* SceneDelegate.swift */ = {isa = PBXFileReference; lastKnownFileType = sourcecode.swift; path = SceneDelegate.swift; sourceTree = "<group>"; };
		19EBE83A2AB8C2DE00CAC7CF /* ViewController.swift */ = {isa = PBXFileReference; lastKnownFileType = sourcecode.swift; path = ViewController.swift; sourceTree = "<group>"; };
		19EBE83D2AB8C2DE00CAC7CF /* Base */ = {isa = PBXFileReference; lastKnownFileType = file.storyboard; name = Base; path = Base.lproj/Main.storyboard; sourceTree = "<group>"; };
		19EBE83F2AB8C2E000CAC7CF /* Assets.xcassets */ = {isa = PBXFileReference; lastKnownFileType = folder.assetcatalog; path = Assets.xcassets; sourceTree = "<group>"; };
		19EBE8422AB8C2E000CAC7CF /* Base */ = {isa = PBXFileReference; lastKnownFileType = file.storyboard; name = Base; path = Base.lproj/LaunchScreen.storyboard; sourceTree = "<group>"; };
		19EBE8442AB8C2E000CAC7CF /* Info.plist */ = {isa = PBXFileReference; lastKnownFileType = text.plist.xml; path = Info.plist; sourceTree = "<group>"; };
		19EBE8492AB8C2E000CAC7CF /* ampetrova_7_1DZTests.xctest */ = {isa = PBXFileReference; explicitFileType = wrapper.cfbundle; includeInIndex = 0; path = ampetrova_7_1DZTests.xctest; sourceTree = BUILT_PRODUCTS_DIR; };
		19EBE84D2AB8C2E000CAC7CF /* ampetrova_7_1DZTests.swift */ = {isa = PBXFileReference; lastKnownFileType = sourcecode.swift; path = ampetrova_7_1DZTests.swift; sourceTree = "<group>"; };
		19EBE8532AB8C2E000CAC7CF /* ampetrova_7_1DZUITests.xctest */ = {isa = PBXFileReference; explicitFileType = wrapper.cfbundle; includeInIndex = 0; path = ampetrova_7_1DZUITests.xctest; sourceTree = BUILT_PRODUCTS_DIR; };
		19EBE8572AB8C2E000CAC7CF /* ampetrova_7_1DZUITests.swift */ = {isa = PBXFileReference; lastKnownFileType = sourcecode.swift; path = ampetrova_7_1DZUITests.swift; sourceTree = "<group>"; };
		19EBE8592AB8C2E000CAC7CF /* ampetrova_7_1DZUITestsLaunchTests.swift */ = {isa = PBXFileReference; lastKnownFileType = sourcecode.swift; path = ampetrova_7_1DZUITestsLaunchTests.swift; sourceTree = "<group>"; };
/* End PBXFileReference section */

/* Begin PBXFrameworksBuildPhase section */
		19EBE8302AB8C2DE00CAC7CF /* Frameworks */ = {
			isa = PBXFrameworksBuildPhase;
			buildActionMask = 2147483647;
			files = (
			);
			runOnlyForDeploymentPostprocessing = 0;
		};
		19EBE8462AB8C2E000CAC7CF /* Frameworks */ = {
			isa = PBXFrameworksBuildPhase;
			buildActionMask = 2147483647;
			files = (
			);
			runOnlyForDeploymentPostprocessing = 0;
		};
		19EBE8502AB8C2E000CAC7CF /* Frameworks */ = {
			isa = PBXFrameworksBuildPhase;
			buildActionMask = 2147483647;
			files = (
			);
			runOnlyForDeploymentPostprocessing = 0;
		};
/* End PBXFrameworksBuildPhase section */

/* Begin PBXGroup section */
		19EBE82A2AB8C2DE00CAC7CF = {
			isa = PBXGroup;
			children = (
				19EBE8352AB8C2DE00CAC7CF /* ampetrova_7_1DZ */,
				19EBE84C2AB8C2E000CAC7CF /* ampetrova_7_1DZTests */,
				19EBE8562AB8C2E000CAC7CF /* ampetrova_7_1DZUITests */,
				19EBE8342AB8C2DE00CAC7CF /* Products */,
			);
			sourceTree = "<group>";
		};
		19EBE8342AB8C2DE00CAC7CF /* Products */ = {
			isa = PBXGroup;
			children = (
				19EBE8332AB8C2DE00CAC7CF /* ampetrova_7_1DZ.app */,
				19EBE8492AB8C2E000CAC7CF /* ampetrova_7_1DZTests.xctest */,
				19EBE8532AB8C2E000CAC7CF /* ampetrova_7_1DZUITests.xctest */,
			);
			name = Products;
			sourceTree = "<group>";
		};
		19EBE8352AB8C2DE00CAC7CF /* ampetrova_7_1DZ */ = {
			isa = PBXGroup;
			children = (
				19EBE8362AB8C2DE00CAC7CF /* AppDelegate.swift */,
				19EBE8382AB8C2DE00CAC7CF /* SceneDelegate.swift */,
				19EBE83A2AB8C2DE00CAC7CF /* ViewController.swift */,
				19EBE83C2AB8C2DE00CAC7CF /* Main.storyboard */,
				19EBE83F2AB8C2E000CAC7CF /* Assets.xcassets */,
				19EBE8412AB8C2E000CAC7CF /* LaunchScreen.storyboard */,
				19EBE8442AB8C2E000CAC7CF /* Info.plist */,
			);
			path = ampetrova_7_1DZ;
			sourceTree = "<group>";
		};
		19EBE84C2AB8C2E000CAC7CF /* ampetrova_7_1DZTests */ = {
			isa = PBXGroup;
			children = (
				19EBE84D2AB8C2E000CAC7CF /* ampetrova_7_1DZTests.swift */,
			);
			path = ampetrova_7_1DZTests;
			sourceTree = "<group>";
		};
		19EBE8562AB8C2E000CAC7CF /* ampetrova_7_1DZUITests */ = {
			isa = PBXGroup;
			children = (
				19EBE8572AB8C2E000CAC7CF /* ampetrova_7_1DZUITests.swift */,
				19EBE8592AB8C2E000CAC7CF /* ampetrova_7_1DZUITestsLaunchTests.swift */,
			);
			path = ampetrova_7_1DZUITests;
			sourceTree = "<group>";
		};
/* End PBXGroup section */

/* Begin PBXNativeTarget section */
		19EBE8322AB8C2DE00CAC7CF /* ampetrova_7_1DZ */ = {
			isa = PBXNativeTarget;
			buildConfigurationList = 19EBE85D2AB8C2E000CAC7CF /* Build configuration list for PBXNativeTarget "ampetrova_7_1DZ" */;
			buildPhases = (
				19EBE82F2AB8C2DE00CAC7CF /* Sources */,
				19EBE8302AB8C2DE00CAC7CF /* Frameworks */,
				19EBE8312AB8C2DE00CAC7CF /* Resources */,
			);
			buildRules = (
			);
			dependencies = (
			);
			name = ampetrova_7_1DZ;
			productName = ampetrova_7_1DZ;
			productReference = 19EBE8332AB8C2DE00CAC7CF /* ampetrova_7_1DZ.app */;
			productType = "com.apple.product-type.application";
		};
		19EBE8482AB8C2E000CAC7CF /* ampetrova_7_1DZTests */ = {
			isa = PBXNativeTarget;
			buildConfigurationList = 19EBE8602AB8C2E000CAC7CF /* Build configuration list for PBXNativeTarget "ampetrova_7_1DZTests" */;
			buildPhases = (
				19EBE8452AB8C2E000CAC7CF /* Sources */,
				19EBE8462AB8C2E000CAC7CF /* Frameworks */,
				19EBE8472AB8C2E000CAC7CF /* Resources */,
			);
			buildRules = (
			);
			dependencies = (
				19EBE84B2AB8C2E000CAC7CF /* PBXTargetDependency */,
			);
			name = ampetrova_7_1DZTests;
			productName = ampetrova_7_1DZTests;
			productReference = 19EBE8492AB8C2E000CAC7CF /* ampetrova_7_1DZTests.xctest */;
			productType = "com.apple.product-type.bundle.unit-test";
		};
		19EBE8522AB8C2E000CAC7CF /* ampetrova_7_1DZUITests */ = {
			isa = PBXNativeTarget;
			buildConfigurationList = 19EBE8632AB8C2E000CAC7CF /* Build configuration list for PBXNativeTarget "ampetrova_7_1DZUITests" */;
			buildPhases = (
				19EBE84F2AB8C2E000CAC7CF /* Sources */,
				19EBE8502AB8C2E000CAC7CF /* Frameworks */,
				19EBE8512AB8C2E000CAC7CF /* Resources */,
			);
			buildRules = (
			);
			dependencies = (
				19EBE8552AB8C2E000CAC7CF /* PBXTargetDependency */,
			);
			name = ampetrova_7_1DZUITests;
			productName = ampetrova_7_1DZUITests;
			productReference = 19EBE8532AB8C2E000CAC7CF /* ampetrova_7_1DZUITests.xctest */;
			productType = "com.apple.product-type.bundle.ui-testing";
		};
/* End PBXNativeTarget section */

/* Begin PBXProject section */
		19EBE82B2AB8C2DE00CAC7CF /* Project object */ = {
			isa = PBXProject;
			attributes = {
				BuildIndependentTargetsInParallel = 1;
				LastSwiftUpdateCheck = 1430;
				LastUpgradeCheck = 1430;
				TargetAttributes = {
					19EBE8322AB8C2DE00CAC7CF = {
						CreatedOnToolsVersion = 14.3.1;
					};
					19EBE8482AB8C2E000CAC7CF = {
						CreatedOnToolsVersion = 14.3.1;
						TestTargetID = 19EBE8322AB8C2DE00CAC7CF;
					};
					19EBE8522AB8C2E000CAC7CF = {
						CreatedOnToolsVersion = 14.3.1;
						TestTargetID = 19EBE8322AB8C2DE00CAC7CF;
					};
				};
			};
			buildConfigurationList = 19EBE82E2AB8C2DE00CAC7CF /* Build configuration list for PBXProject "ampetrova_7_1DZ" */;
			compatibilityVersion = "Xcode 14.0";
			developmentRegion = en;
			hasScannedForEncodings = 0;
			knownRegions = (
				en,
				Base,
			);
			mainGroup = 19EBE82A2AB8C2DE00CAC7CF;
			productRefGroup = 19EBE8342AB8C2DE00CAC7CF /* Products */;
			projectDirPath = "";
			projectRoot = "";
			targets = (
				19EBE8322AB8C2DE00CAC7CF /* ampetrova_7_1DZ */,
				19EBE8482AB8C2E000CAC7CF /* ampetrova_7_1DZTests */,
				19EBE8522AB8C2E000CAC7CF /* ampetrova_7_1DZUITests */,
			);
		};
/* End PBXProject section */

/* Begin PBXResourcesBuildPhase section */
		19EBE8312AB8C2DE00CAC7CF /* Resources */ = {
			isa = PBXResourcesBuildPhase;
			buildActionMask = 2147483647;
			files = (
				19EBE8432AB8C2E000CAC7CF /* LaunchScreen.storyboard in Resources */,
				19EBE8402AB8C2E000CAC7CF /* Assets.xcassets in Resources */,
				19EBE83E2AB8C2DE00CAC7CF /* Main.storyboard in Resources */,
			);
			runOnlyForDeploymentPostprocessing = 0;
		};
		19EBE8472AB8C2E000CAC7CF /* Resources */ = {
			isa = PBXResourcesBuildPhase;
			buildActionMask = 2147483647;
			files = (
			);
			runOnlyForDeploymentPostprocessing = 0;
		};
		19EBE8512AB8C2E000CAC7CF /* Resources */ = {
			isa = PBXResourcesBuildPhase;
			buildActionMask = 2147483647;
			files = (
			);
			runOnlyForDeploymentPostprocessing = 0;
		};
/* End PBXResourcesBuildPhase section */

/* Begin PBXSourcesBuildPhase section */
		19EBE82F2AB8C2DE00CAC7CF /* Sources */ = {
			isa = PBXSourcesBuildPhase;
			buildActionMask = 2147483647;
			files = (
				19EBE83B2AB8C2DE00CAC7CF /* ViewController.swift in Sources */,
				19EBE8372AB8C2DE00CAC7CF /* AppDelegate.swift in Sources */,
				19EBE8392AB8C2DE00CAC7CF /* SceneDelegate.swift in Sources */,
			);
			runOnlyForDeploymentPostprocessing = 0;
		};
		19EBE8452AB8C2E000CAC7CF /* Sources */ = {
			isa = PBXSourcesBuildPhase;
			buildActionMask = 2147483647;
			files = (
				19EBE84E2AB8C2E000CAC7CF /* ampetrova_7_1DZTests.swift in Sources */,
			);
			runOnlyForDeploymentPostprocessing = 0;
		};
		19EBE84F2AB8C2E000CAC7CF /* Sources */ = {
			isa = PBXSourcesBuildPhase;
			buildActionMask = 2147483647;
			files = (
				19EBE85A2AB8C2E000CAC7CF /* ampetrova_7_1DZUITestsLaunchTests.swift in Sources */,
				19EBE8582AB8C2E000CAC7CF /* ampetrova_7_1DZUITests.swift in Sources */,
			);
			runOnlyForDeploymentPostprocessing = 0;
		};
/* End PBXSourcesBuildPhase section */

/* Begin PBXTargetDependency section */
		19EBE84B2AB8C2E000CAC7CF /* PBXTargetDependency */ = {
			isa = PBXTargetDependency;
			target = 19EBE8322AB8C2DE00CAC7CF /* ampetrova_7_1DZ */;
			targetProxy = 19EBE84A2AB8C2E000CAC7CF /* PBXContainerItemProxy */;
		};
		19EBE8552AB8C2E000CAC7CF /* PBXTargetDependency */ = {
			isa = PBXTargetDependency;
			target = 19EBE8322AB8C2DE00CAC7CF /* ampetrova_7_1DZ */;
			targetProxy = 19EBE8542AB8C2E000CAC7CF /* PBXContainerItemProxy */;
		};
/* End PBXTargetDependency section */

/* Begin PBXVariantGroup section */
		19EBE83C2AB8C2DE00CAC7CF /* Main.storyboard */ = {
			isa = PBXVariantGroup;
			children = (
				19EBE83D2AB8C2DE00CAC7CF /* Base */,
			);
			name = Main.storyboard;
			sourceTree = "<group>";
		};
		19EBE8412AB8C2E000CAC7CF /* LaunchScreen.storyboard */ = {
			isa = PBXVariantGroup;
			children = (
				19EBE8422AB8C2E000CAC7CF /* Base */,
			);
			name = LaunchScreen.storyboard;
			sourceTree = "<group>";
		};
/* End PBXVariantGroup section */

/* Begin XCBuildConfiguration section */
		19EBE85B2AB8C2E000CAC7CF /* Debug */ = {
			isa = XCBuildConfiguration;
			buildSettings = {
				ALWAYS_SEARCH_USER_PATHS = NO;
				CLANG_ANALYZER_NONNULL = YES;
				CLANG_ANALYZER_NUMBER_OBJECT_CONVERSION = YES_AGGRESSIVE;
				CLANG_CXX_LANGUAGE_STANDARD = "gnu++20";
				CLANG_ENABLE_MODULES = YES;
				CLANG_ENABLE_OBJC_ARC = YES;
				CLANG_ENABLE_OBJC_WEAK = YES;
				CLANG_WARN_BLOCK_CAPTURE_AUTORELEASING = YES;
				CLANG_WARN_BOOL_CONVERSION = YES;
				CLANG_WARN_COMMA = YES;
				CLANG_WARN_CONSTANT_CONVERSION = YES;
				CLANG_WARN_DEPRECATED_OBJC_IMPLEMENTATIONS = YES;
				CLANG_WARN_DIRECT_OBJC_ISA_USAGE = YES_ERROR;
				CLANG_WARN_DOCUMENTATION_COMMENTS = YES;
				CLANG_WARN_EMPTY_BODY = YES;
				CLANG_WARN_ENUM_CONVERSION = YES;
				CLANG_WARN_INFINITE_RECURSION = YES;
				CLANG_WARN_INT_CONVERSION = YES;
				CLANG_WARN_NON_LITERAL_NULL_CONVERSION = YES;
				CLANG_WARN_OBJC_IMPLICIT_RETAIN_SELF = YES;
				CLANG_WARN_OBJC_LITERAL_CONVERSION = YES;
				CLANG_WARN_OBJC_ROOT_CLASS = YES_ERROR;
				CLANG_WARN_QUOTED_INCLUDE_IN_FRAMEWORK_HEADER = YES;
				CLANG_WARN_RANGE_LOOP_ANALYSIS = YES;
				CLANG_WARN_STRICT_PROTOTYPES = YES;
				CLANG_WARN_SUSPICIOUS_MOVE = YES;
				CLANG_WARN_UNGUARDED_AVAILABILITY = YES_AGGRESSIVE;
				CLANG_WARN_UNREACHABLE_CODE = YES;
				CLANG_WARN__DUPLICATE_METHOD_MATCH = YES;
				COPY_PHASE_STRIP = NO;
				DEBUG_INFORMATION_FORMAT = dwarf;
				ENABLE_STRICT_OBJC_MSGSEND = YES;
				ENABLE_TESTABILITY = YES;
				GCC_C_LANGUAGE_STANDARD = gnu11;
				GCC_DYNAMIC_NO_PIC = NO;
				GCC_NO_COMMON_BLOCKS = YES;
				GCC_OPTIMIZATION_LEVEL = 0;
				GCC_PREPROCESSOR_DEFINITIONS = (
					"DEBUG=1",
					"$(inherited)",
				);
				GCC_WARN_64_TO_32_BIT_CONVERSION = YES;
				GCC_WARN_ABOUT_RETURN_TYPE = YES_ERROR;
				GCC_WARN_UNDECLARED_SELECTOR = YES;
				GCC_WARN_UNINITIALIZED_AUTOS = YES_AGGRESSIVE;
				GCC_WARN_UNUSED_FUNCTION = YES;
				GCC_WARN_UNUSED_VARIABLE = YES;
				IPHONEOS_DEPLOYMENT_TARGET = 16.4;
				MTL_ENABLE_DEBUG_INFO = INCLUDE_SOURCE;
				MTL_FAST_MATH = YES;
				ONLY_ACTIVE_ARCH = YES;
				SDKROOT = iphoneos;
				SWIFT_ACTIVE_COMPILATION_CONDITIONS = DEBUG;
				SWIFT_OPTIMIZATION_LEVEL = "-Onone";
			};
			name = Debug;
		};
		19EBE85C2AB8C2E000CAC7CF /* Release */ = {
			isa = XCBuildConfiguration;
			buildSettings = {
				ALWAYS_SEARCH_USER_PATHS = NO;
				CLANG_ANALYZER_NONNULL = YES;
				CLANG_ANALYZER_NUMBER_OBJECT_CONVERSION = YES_AGGRESSIVE;
				CLANG_CXX_LANGUAGE_STANDARD = "gnu++20";
				CLANG_ENABLE_MODULES = YES;
				CLANG_ENABLE_OBJC_ARC = YES;
				CLANG_ENABLE_OBJC_WEAK = YES;
				CLANG_WARN_BLOCK_CAPTURE_AUTORELEASING = YES;
				CLANG_WARN_BOOL_CONVERSION = YES;
				CLANG_WARN_COMMA = YES;
				CLANG_WARN_CONSTANT_CONVERSION = YES;
				CLANG_WARN_DEPRECATED_OBJC_IMPLEMENTATIONS = YES;
				CLANG_WARN_DIRECT_OBJC_ISA_USAGE = YES_ERROR;
				CLANG_WARN_DOCUMENTATION_COMMENTS = YES;
				CLANG_WARN_EMPTY_BODY = YES;
				CLANG_WARN_ENUM_CONVERSION = YES;
				CLANG_WARN_INFINITE_RECURSION = YES;
				CLANG_WARN_INT_CONVERSION = YES;
				CLANG_WARN_NON_LITERAL_NULL_CONVERSION = YES;
				CLANG_WARN_OBJC_IMPLICIT_RETAIN_SELF = YES;
				CLANG_WARN_OBJC_LITERAL_CONVERSION = YES;
				CLANG_WARN_OBJC_ROOT_CLASS = YES_ERROR;
				CLANG_WARN_QUOTED_INCLUDE_IN_FRAMEWORK_HEADER = YES;
				CLANG_WARN_RANGE_LOOP_ANALYSIS = YES;
				CLANG_WARN_STRICT_PROTOTYPES = YES;
				CLANG_WARN_SUSPICIOUS_MOVE = YES;
				CLANG_WARN_UNGUARDED_AVAILABILITY = YES_AGGRESSIVE;
				CLANG_WARN_UNREACHABLE_CODE = YES;
				CLANG_WARN__DUPLICATE_METHOD_MATCH = YES;
				COPY_PHASE_STRIP = NO;
				DEBUG_INFORMATION_FORMAT = "dwarf-with-dsym";
				ENABLE_NS_ASSERTIONS = NO;
				ENABLE_STRICT_OBJC_MSGSEND = YES;
				GCC_C_LANGUAGE_STANDARD = gnu11;
				GCC_NO_COMMON_BLOCKS = YES;
				GCC_WARN_64_TO_32_BIT_CONVERSION = YES;
				GCC_WARN_ABOUT_RETURN_TYPE = YES_ERROR;
				GCC_WARN_UNDECLARED_SELECTOR = YES;
				GCC_WARN_UNINITIALIZED_AUTOS = YES_AGGRESSIVE;
				GCC_WARN_UNUSED_FUNCTION = YES;
				GCC_WARN_UNUSED_VARIABLE = YES;
				IPHONEOS_DEPLOYMENT_TARGET = 16.4;
				MTL_ENABLE_DEBUG_INFO = NO;
				MTL_FAST_MATH = YES;
				SDKROOT = iphoneos;
				SWIFT_COMPILATION_MODE = wholemodule;
				SWIFT_OPTIMIZATION_LEVEL = "-O";
				VALIDATE_PRODUCT = YES;
			};
			name = Release;
		};
		19EBE85E2AB8C2E000CAC7CF /* Debug */ = {
			isa = XCBuildConfiguration;
			buildSettings = {
				ASSETCATALOG_COMPILER_APPICON_NAME = AppIcon;
				ASSETCATALOG_COMPILER_GLOBAL_ACCENT_COLOR_NAME = AccentColor;
				CODE_SIGN_STYLE = Automatic;
				CURRENT_PROJECT_VERSION = 1;
				GENERATE_INFOPLIST_FILE = YES;
				INFOPLIST_FILE = ampetrova_7_1DZ/Info.plist;
				INFOPLIST_KEY_UIApplicationSupportsIndirectInputEvents = YES;
				INFOPLIST_KEY_UILaunchStoryboardName = LaunchScreen;
				INFOPLIST_KEY_UIMainStoryboardFile = Main;
				INFOPLIST_KEY_UISupportedInterfaceOrientations_iPad = "UIInterfaceOrientationPortrait UIInterfaceOrientationPortraitUpsideDown UIInterfaceOrientationLandscapeLeft UIInterfaceOrientationLandscapeRight";
				INFOPLIST_KEY_UISupportedInterfaceOrientations_iPhone = "UIInterfaceOrientationPortrait UIInterfaceOrientationLandscapeLeft UIInterfaceOrientationLandscapeRight";
				LD_RUNPATH_SEARCH_PATHS = (
					"$(inherited)",
					"@executable_path/Frameworks",
				);
				MARKETING_VERSION = 1.0;
				PRODUCT_BUNDLE_IDENTIFIER = "aleksandra.petrowa2017-yandex.ru.ampetrova-7-1DZ";
				PRODUCT_NAME = "$(TARGET_NAME)";
				SWIFT_EMIT_LOC_STRINGS = YES;
				SWIFT_VERSION = 5.0;
				TARGETED_DEVICE_FAMILY = "1,2";
			};
			name = Debug;
		};
		19EBE85F2AB8C2E000CAC7CF /* Release */ = {
			isa = XCBuildConfiguration;
			buildSettings = {
				ASSETCATALOG_COMPILER_APPICON_NAME = AppIcon;
				ASSETCATALOG_COMPILER_GLOBAL_ACCENT_COLOR_NAME = AccentColor;
				CODE_SIGN_STYLE = Automatic;
				CURRENT_PROJECT_VERSION = 1;
				GENERATE_INFOPLIST_FILE = YES;
				INFOPLIST_FILE = ampetrova_7_1DZ/Info.plist;
				INFOPLIST_KEY_UIApplicationSupportsIndirectInputEvents = YES;
				INFOPLIST_KEY_UILaunchStoryboardName = LaunchScreen;
				INFOPLIST_KEY_UIMainStoryboardFile = Main;
				INFOPLIST_KEY_UISupportedInterfaceOrientations_iPad = "UIInterfaceOrientationPortrait UIInterfaceOrientationPortraitUpsideDown UIInterfaceOrientationLandscapeLeft UIInterfaceOrientationLandscapeRight";
				INFOPLIST_KEY_UISupportedInterfaceOrientations_iPhone = "UIInterfaceOrientationPortrait UIInterfaceOrientationLandscapeLeft UIInterfaceOrientationLandscapeRight";
				LD_RUNPATH_SEARCH_PATHS = (
					"$(inherited)",
					"@executable_path/Frameworks",
				);
				MARKETING_VERSION = 1.0;
				PRODUCT_BUNDLE_IDENTIFIER = "aleksandra.petrowa2017-yandex.ru.ampetrova-7-1DZ";
				PRODUCT_NAME = "$(TARGET_NAME)";
				SWIFT_EMIT_LOC_STRINGS = YES;
				SWIFT_VERSION = 5.0;
				TARGETED_DEVICE_FAMILY = "1,2";
			};
			name = Release;
		};
		19EBE8612AB8C2E000CAC7CF /* Debug */ = {
			isa = XCBuildConfiguration;
			buildSettings = {
				ALWAYS_EMBED_SWIFT_STANDARD_LIBRARIES = YES;
				BUNDLE_LOADER = "$(TEST_HOST)";
				CODE_SIGN_STYLE = Automatic;
				CURRENT_PROJECT_VERSION = 1;
				GENERATE_INFOPLIST_FILE = YES;
				IPHONEOS_DEPLOYMENT_TARGET = 16.4;
				MARKETING_VERSION = 1.0;
				PRODUCT_BUNDLE_IDENTIFIER = "aleksandra.petrowa2017-yandex.ru.ampetrova-7-1DZTests";
				PRODUCT_NAME = "$(TARGET_NAME)";
				SWIFT_EMIT_LOC_STRINGS = NO;
				SWIFT_VERSION = 5.0;
				TARGETED_DEVICE_FAMILY = "1,2";
				TEST_HOST = "$(BUILT_PRODUCTS_DIR)/ampetrova_7_1DZ.app/$(BUNDLE_EXECUTABLE_FOLDER_PATH)/ampetrova_7_1DZ";
			};
			name = Debug;
		};
		19EBE8622AB8C2E000CAC7CF /* Release */ = {
			isa = XCBuildConfiguration;
			buildSettings = {
				ALWAYS_EMBED_SWIFT_STANDARD_LIBRARIES = YES;
				BUNDLE_LOADER = "$(TEST_HOST)";
				CODE_SIGN_STYLE = Automatic;
				CURRENT_PROJECT_VERSION = 1;
				GENERATE_INFOPLIST_FILE = YES;
				IPHONEOS_DEPLOYMENT_TARGET = 16.4;
				MARKETING_VERSION = 1.0;
				PRODUCT_BUNDLE_IDENTIFIER = "aleksandra.petrowa2017-yandex.ru.ampetrova-7-1DZTests";
				PRODUCT_NAME = "$(TARGET_NAME)";
				SWIFT_EMIT_LOC_STRINGS = NO;
				SWIFT_VERSION = 5.0;
				TARGETED_DEVICE_FAMILY = "1,2";
				TEST_HOST = "$(BUILT_PRODUCTS_DIR)/ampetrova_7_1DZ.app/$(BUNDLE_EXECUTABLE_FOLDER_PATH)/ampetrova_7_1DZ";
			};
			name = Release;
		};
		19EBE8642AB8C2E000CAC7CF /* Debug */ = {
			isa = XCBuildConfiguration;
			buildSettings = {
				ALWAYS_EMBED_SWIFT_STANDARD_LIBRARIES = YES;
				CODE_SIGN_STYLE = Automatic;
				CURRENT_PROJECT_VERSION = 1;
				GENERATE_INFOPLIST_FILE = YES;
				MARKETING_VERSION = 1.0;
				PRODUCT_BUNDLE_IDENTIFIER = "aleksandra.petrowa2017-yandex.ru.ampetrova-7-1DZUITests";
				PRODUCT_NAME = "$(TARGET_NAME)";
				SWIFT_EMIT_LOC_STRINGS = NO;
				SWIFT_VERSION = 5.0;
				TARGETED_DEVICE_FAMILY = "1,2";
				TEST_TARGET_NAME = ampetrova_7_1DZ;
			};
			name = Debug;
		};
		19EBE8652AB8C2E000CAC7CF /* Release */ = {
			isa = XCBuildConfiguration;
			buildSettings = {
				ALWAYS_EMBED_SWIFT_STANDARD_LIBRARIES = YES;
				CODE_SIGN_STYLE = Automatic;
				CURRENT_PROJECT_VERSION = 1;
				GENERATE_INFOPLIST_FILE = YES;
				MARKETING_VERSION = 1.0;
				PRODUCT_BUNDLE_IDENTIFIER = "aleksandra.petrowa2017-yandex.ru.ampetrova-7-1DZUITests";
				PRODUCT_NAME = "$(TARGET_NAME)";
				SWIFT_EMIT_LOC_STRINGS = NO;
				SWIFT_VERSION = 5.0;
				TARGETED_DEVICE_FAMILY = "1,2";
				TEST_TARGET_NAME = ampetrova_7_1DZ;
			};
			name = Release;
		};
/* End XCBuildConfiguration section */

/* Begin XCConfigurationList section */
		19EBE82E2AB8C2DE00CAC7CF /* Build configuration list for PBXProject "ampetrova_7_1DZ" */ = {
			isa = XCConfigurationList;
			buildConfigurations = (
				19EBE85B2AB8C2E000CAC7CF /* Debug */,
				19EBE85C2AB8C2E000CAC7CF /* Release */,
			);
			defaultConfigurationIsVisible = 0;
			defaultConfigurationName = Release;
		};
		19EBE85D2AB8C2E000CAC7CF /* Build configuration list for PBXNativeTarget "ampetrova_7_1DZ" */ = {
			isa = XCConfigurationList;
			buildConfigurations = (
				19EBE85E2AB8C2E000CAC7CF /* Debug */,
				19EBE85F2AB8C2E000CAC7CF /* Release */,
			);
			defaultConfigurationIsVisible = 0;
			defaultConfigurationName = Release;
		};
		19EBE8602AB8C2E000CAC7CF /* Build configuration list for PBXNativeTarget "ampetrova_7_1DZTests" */ = {
			isa = XCConfigurationList;
			buildConfigurations = (
				19EBE8612AB8C2E000CAC7CF /* Debug */,
				19EBE8622AB8C2E000CAC7CF /* Release */,
			);
			defaultConfigurationIsVisible = 0;
			defaultConfigurationName = Release;
		};
		19EBE8632AB8C2E000CAC7CF /* Build configuration list for PBXNativeTarget "ampetrova_7_1DZUITests" */ = {
			isa = XCConfigurationList;
			buildConfigurations = (
				19EBE8642AB8C2E000CAC7CF /* Debug */,
				19EBE8652AB8C2E000CAC7CF /* Release */,
			);
			defaultConfigurationIsVisible = 0;
			defaultConfigurationName = Release;
		};
/* End XCConfigurationList section */
	};
	rootObject = 19EBE82B2AB8C2DE00CAC7CF /* Project object */;
}
